
Microsoft Visual Studio Solution File, Format Version 12.00
# Visual Studio Version 17
VisualStudioVersion = 17.11.35312.102
MinimumVisualStudioVersion = 10.0.40219.1
Project("{888888A0-9F3D-457C-B088-3A5042F75D52}") = "module_3_4", "module_3_4.pyproj", "{9E9E4853-201C-44B4-B398-BC2C7C0DC9CC}"
EndProject
Global
	GlobalSection(SolutionConfigurationPlatforms) = preSolution
		Debug|Any CPU = Debug|Any CPU
		Release|Any CPU = Release|Any CPU
	EndGlobalSection
	GlobalSection(ProjectConfigurationPlatforms) = postSolution
		{9E9E4853-201C-44B4-B398-BC2C7C0DC9CC}.Debug|Any CPU.ActiveCfg = Debug|Any CPU
		{9E9E4853-201C-44B4-B398-BC2C7C0DC9CC}.Release|Any CPU.ActiveCfg = Release|Any CPU
	EndGlobalSection
	GlobalSection(SolutionProperties) = preSolution
		HideSolutionNode = FALSE
	EndGlobalSection
	GlobalSection(ExtensibilityGlobals) = postSolution
		SolutionGuid = {54DEDF58-EA2A-40E9-A210-41ED1C4E6609}
	EndGlobalSection
EndGlobal
